
Microsoft Visual Studio Solution File, Format Version 12.00
# Visual Studio 2013
VisualStudioVersion = 12.0.30110.0
MinimumVisualStudioVersion = 10.0.40219.1
Project("{FAE04EC0-301F-11D3-BF4B-00C04F79EFBC}") = "GomocupOnline", "GomocupOnline\GomocupOnline.csproj", "{34D3586A-5FA0-44AE-B74E-C145521B9484}"
EndProject
Project("{FAE04EC0-301F-11D3-BF4B-00C04F79EFBC}") = "GomocupOnline.Tests", "GomocupOnline.Tests\GomocupOnline.Tests.csproj", "{603FAEE8-0C53-49CD-BF98-795C030F3BDF}"
EndProject
Project("{FAE04EC0-301F-11D3-BF4B-00C04F79EFBC}") = "SocketUploader", "SocketUploader\SocketUploader.csproj", "{D4B7E294-25E3-4F08-BF98-748BDDAF75B1}"
EndProject
Global
	GlobalSection(SolutionConfigurationPlatforms) = preSolution
		Debug|Any CPU = Debug|Any CPU
		Release|Any CPU = Release|Any CPU
	EndGlobalSection
	GlobalSection(ProjectConfigurationPlatforms) = postSolution
		{34D3586A-5FA0-44AE-B74E-C145521B9484}.Debug|Any CPU.ActiveCfg = Debug|Any CPU
		{34D3586A-5FA0-44AE-B74E-C145521B9484}.Debug|Any CPU.Build.0 = Debug|Any CPU
		{34D3586A-5FA0-44AE-B74E-C145521B9484}.Release|Any CPU.ActiveCfg = Release|Any CPU
		{34D3586A-5FA0-44AE-B74E-C145521B9484}.Release|Any CPU.Build.0 = Release|Any CPU
		{603FAEE8-0C53-49CD-BF98-795C030F3BDF}.Debug|Any CPU.ActiveCfg = Debug|Any CPU
		{603FAEE8-0C53-49CD-BF98-795C030F3BDF}.Debug|Any CPU.Build.0 = Debug|Any CPU
		{603FAEE8-0C53-49CD-BF98-795C030F3BDF}.Release|Any CPU.ActiveCfg = Release|Any CPU
		{603FAEE8-0C53-49CD-BF98-795C030F3BDF}.Release|Any CPU.Build.0 = Release|Any CPU
		{D4B7E294-25E3-4F08-BF98-748BDDAF75B1}.Debug|Any CPU.ActiveCfg = Debug|Any CPU
		{D4B7E294-25E3-4F08-BF98-748BDDAF75B1}.Debug|Any CPU.Build.0 = Debug|Any CPU
		{D4B7E294-25E3-4F08-BF98-748BDDAF75B1}.Release|Any CPU.ActiveCfg = Release|Any CPU
		{D4B7E294-25E3-4F08-BF98-748BDDAF75B1}.Release|Any CPU.Build.0 = Release|Any CPU
	EndGlobalSection
	GlobalSection(SolutionProperties) = preSolution
		HideSolutionNode = FALSE
	EndGlobalSection
EndGlobal
